{
  "nodes": {
    "chinese-fonts-overlay": {
      "inputs": {
        "nixpkgs": "nixpkgs"
      },
      "locked": {
        "lastModified": 1763191926,
        "narHash": "sha256-I71+uQOV9pz8Twf+sGuKvy9K3ldpmYY6wRFGrRMizlg=",
        "owner": "brsvh",
        "repo": "chinese-fonts-overlay",
        "rev": "18c78ed52845347b8af58f836b568472bed1de62",
        "type": "github"
      },
      "original": {
        "owner": "brsvh",
        "ref": "main",
        "repo": "chinese-fonts-overlay",
        "type": "github"
      }
    },
    "flake-parts": {
      "inputs": {
        "nixpkgs-lib": [
          "nur",
          "nixpkgs"
        ]
      },
      "locked": {
        "lastModified": 1733312601,
        "narHash": "sha256-4pDvzqnegAfRkPwO3wmwBhVi/Sye1mzps0zHWYnP88c=",
        "owner": "hercules-ci",
        "repo": "flake-parts",
        "rev": "205b12d8b7cd4802fbcb8e8ef6a0f1408781a4f9",
        "type": "github"
      },
      "original": {
        "owner": "hercules-ci",
        "repo": "flake-parts",
        "type": "github"
      }
    },
    "home-manager": {
      "inputs": {
        "nixpkgs": [
          "nixpkgs"
        ]
      },
      "locked": {
        "lastModified": 1768984719,
        "narHash": "sha256-O6nXCW9FN39qw204e5Nl3qgaxKFcSvdpx0bULqfwyTA=",
        "owner": "nix-community",
        "repo": "home-manager",
        "rev": "d6e3935ec6e43c8f54cd0132276c82d951e1453e",
        "type": "github"
      },
      "original": {
        "owner": "nix-community",
        "repo": "home-manager",
        "type": "github"
      }
    },
    "home-manager_2": {
      "inputs": {
        "nixpkgs": [
          "impermanence",
          "nixpkgs"
        ]
      },
      "locked": {
        "lastModified": 1768598210,
        "narHash": "sha256-kkgA32s/f4jaa4UG+2f8C225Qvclxnqs76mf8zvTVPg=",
        "owner": "nix-community",
        "repo": "home-manager",
        "rev": "c47b2cc64a629f8e075de52e4742de688f930dc6",
        "type": "github"
      },
      "original": {
        "owner": "nix-community",
        "repo": "home-manager",
        "type": "github"
      }
    },
    "impermanence": {
      "inputs": {
        "home-manager": "home-manager_2",
        "nixpkgs": "nixpkgs_2"
      },
      "locked": {
        "lastModified": 1768941735,
        "narHash": "sha256-OyxsfXNcOkt06/kM+4bnuC8moDx+t7Qr+RB0BBa83Ig=",
        "owner": "nix-community",
        "repo": "impermanence",
        "rev": "69ecf31e8fddc9354a4b418f3a517445d486bb54",
        "type": "github"
      },
      "original": {
        "owner": "nix-community",
        "repo": "impermanence",
        "type": "github"
      }
    },
    "niri": {
      "inputs": {
        "niri-stable": "niri-stable",
        "niri-unstable": "niri-unstable",
        "nixpkgs": "nixpkgs_3",
        "nixpkgs-stable": "nixpkgs-stable",
        "xwayland-satellite-stable": "xwayland-satellite-stable",
        "xwayland-satellite-unstable": "xwayland-satellite-unstable"
      },
      "locked": {
        "lastModified": 1768974509,
        "narHash": "sha256-V+Uv2EL6MMdYGF4Zg0sWHeRLSgqzC4to01taYDItCNY=",
        "owner": "sodiboo",
        "repo": "niri-flake",
        "rev": "2f38ab793de773496d2184aa3aa377bc8c99557b",
        "type": "github"
      },
      "original": {
        "owner": "sodiboo",
        "repo": "niri-flake",
        "type": "github"
      }
    },
    "niri-stable": {
      "flake": false,
      "locked": {
        "lastModified": 1756556321,
        "narHash": "sha256-RLD89dfjN0RVO86C/Mot0T7aduCygPGaYbog566F0Qo=",
        "owner": "YaLTeR",
        "repo": "niri",
        "rev": "01be0e65f4eb91a9cd624ac0b76aaeab765c7294",
        "type": "github"
      },
      "original": {
        "owner": "YaLTeR",
        "ref": "v25.08",
        "repo": "niri",
        "type": "github"
      }
    },
    "niri-unstable": {
      "flake": false,
      "locked": {
        "lastModified": 1768678265,
        "narHash": "sha256-Ub8eed4DsfIDWyg30xEe+8bSxL/z5Af/gCjmvJ0V/Hs=",
        "owner": "YaLTeR",
        "repo": "niri",
        "rev": "d7184a04b904e07113f4623610775ae78d32394c",
        "type": "github"
      },
      "original": {
        "owner": "YaLTeR",
        "repo": "niri",
        "type": "github"
      }
    },
    "nixpkgs": {
      "locked": {
        "lastModified": 1731139594,
        "narHash": "sha256-IigrKK3vYRpUu+HEjPL/phrfh7Ox881er1UEsZvw9Q4=",
        "owner": "NixOS",
        "repo": "nixpkgs",
        "rev": "76612b17c0ce71689921ca12d9ffdc9c23ce40b2",
        "type": "github"
      },
      "original": {
        "owner": "NixOS",
        "ref": "nixos-unstable",
        "repo": "nixpkgs",
        "type": "github"
      }
    },
    "nixpkgs-stable": {
      "locked": {
        "lastModified": 1768773494,
        "narHash": "sha256-XsM7GP3jHlephymxhDE+/TKKO1Q16phz/vQiLBGhpF4=",
        "owner": "NixOS",
        "repo": "nixpkgs",
        "rev": "77ef7a29d276c6d8303aece3444d61118ef71ac2",
        "type": "github"
      },
      "original": {
        "owner": "NixOS",
        "ref": "nixos-25.11",
        "repo": "nixpkgs",
        "type": "github"
      }
    },
    "nixpkgs_2": {
      "locked": {
        "lastModified": 1768564909,
        "narHash": "sha256-Kell/SpJYVkHWMvnhqJz/8DqQg2b6PguxVWOuadbHCc=",
        "owner": "nixos",
        "repo": "nixpkgs",
        "rev": "e4bae1bd10c9c57b2cf517953ab70060a828ee6f",
        "type": "github"
      },
      "original": {
        "owner": "nixos",
        "ref": "nixos-unstable",
        "repo": "nixpkgs",
        "type": "github"
      }
    },
    "nixpkgs_3": {
      "locked": {
        "lastModified": 1768886240,
        "narHash": "sha256-C2TjvwYZ2VDxYWeqvvJ5XPPp6U7H66zeJlRaErJKoEM=",
        "owner": "NixOS",
        "repo": "nixpkgs",
        "rev": "80e4adbcf8992d3fd27ad4964fbb84907f9478b0",
        "type": "github"
      },
      "original": {
        "owner": "NixOS",
        "ref": "nixos-unstable",
        "repo": "nixpkgs",
        "type": "github"
      }
    },
    "nixpkgs_4": {
      "locked": {
        "lastModified": 1768886240,
        "narHash": "sha256-C2TjvwYZ2VDxYWeqvvJ5XPPp6U7H66zeJlRaErJKoEM=",
        "owner": "NixOS",
        "repo": "nixpkgs",
        "rev": "80e4adbcf8992d3fd27ad4964fbb84907f9478b0",
        "type": "github"
      },
      "original": {
        "owner": "NixOS",
        "ref": "nixos-unstable",
        "repo": "nixpkgs",
        "type": "github"
      }
    },
    "nixpkgs_5": {
      "locked": {
        "lastModified": 1768886240,
        "narHash": "sha256-C2TjvwYZ2VDxYWeqvvJ5XPPp6U7H66zeJlRaErJKoEM=",
        "owner": "nixos",
        "repo": "nixpkgs",
        "rev": "80e4adbcf8992d3fd27ad4964fbb84907f9478b0",
        "type": "github"
      },
      "original": {
        "owner": "nixos",
        "ref": "nixos-unstable",
        "repo": "nixpkgs",
        "type": "github"
      }
    },
    "nur": {
      "inputs": {
        "flake-parts": "flake-parts",
        "nixpkgs": "nixpkgs_5"
      },
      "locked": {
        "lastModified": 1768994775,
        "narHash": "sha256-EggtqMRatDQ0RWcHDYjRmnHf5DwXe1TF5l8Q3exzj/0=",
        "owner": "nix-community",
        "repo": "NUR",
        "rev": "fb6cdd5a5ef393434471dc782cca31e8ab363b75",
        "type": "github"
      },
      "original": {
        "owner": "nix-community",
        "repo": "NUR",
        "type": "github"
      }
    },
    "root": {
      "inputs": {
        "chinese-fonts-overlay": "chinese-fonts-overlay",
        "home-manager": "home-manager",
        "impermanence": "impermanence",
        "niri": "niri",
        "nixpkgs": "nixpkgs_4",
        "nur": "nur"
      }
    },
    "xwayland-satellite-stable": {
      "flake": false,
      "locked": {
        "lastModified": 1755491097,
        "narHash": "sha256-m+9tUfsmBeF2Gn4HWa6vSITZ4Gz1eA1F5Kh62B0N4oE=",
        "owner": "Supreeeme",
        "repo": "xwayland-satellite",
        "rev": "388d291e82ffbc73be18169d39470f340707edaa",
        "type": "github"
      },
      "original": {
        "owner": "Supreeeme",
        "ref": "v0.7",
        "repo": "xwayland-satellite",
        "type": "github"
      }
    },
    "xwayland-satellite-unstable": {
      "flake": false,
      "locked": {
        "lastModified": 1768765571,
        "narHash": "sha256-C1JbyJ3ftogmN3vmLNfyPtnJw2wY64TiUTIhFtk1Leg=",
        "owner": "Supreeeme",
        "repo": "xwayland-satellite",
        "rev": "ed1cef792b4def3321ff9ab5479df09609f17a69",
        "type": "github"
      },
      "original": {
        "owner": "Supreeeme",
        "repo": "xwayland-satellite",
        "type": "github"
      }
    }
  },
  "root": "root",
  "version": 7
}
